
Microsoft Visual Studio Solution File, Format Version 12.00
# Visual Studio Version 17
VisualStudioVersion = 17.7.34024.191
MinimumVisualStudioVersion = 10.0.40219.1
Project("{8BC9CEB8-8B4A-11D0-8D11-00A0C91BC942}") = "Lab_1.5", "Lab_1.5.vcxproj", "{E73776E8-5EAF-401F-A009-2541012D58D1}"
EndProject
Project("{8BC9CEB8-8B4A-11D0-8D11-00A0C91BC942}") = "UnitTest3", "..\UnitTest3\UnitTest3.vcxproj", "{DB095EB3-BA67-49F5-8D05-116B3E2FFD68}"
EndProject
Global
	GlobalSection(SolutionConfigurationPlatforms) = preSolution
		Debug|x64 = Debug|x64
		Debug|x86 = Debug|x86
		Release|x64 = Release|x64
		Release|x86 = Release|x86
	EndGlobalSection
	GlobalSection(ProjectConfigurationPlatforms) = postSolution
		{E73776E8-5EAF-401F-A009-2541012D58D1}.Debug|x64.ActiveCfg = Debug|x64
		{E73776E8-5EAF-401F-A009-2541012D58D1}.Debug|x64.Build.0 = Debug|x64
		{E73776E8-5EAF-401F-A009-2541012D58D1}.Debug|x86.ActiveCfg = Debug|Win32
		{E73776E8-5EAF-401F-A009-2541012D58D1}.Debug|x86.Build.0 = Debug|Win32
		{E73776E8-5EAF-401F-A009-2541012D58D1}.Release|x64.ActiveCfg = Release|x64
		{E73776E8-5EAF-401F-A009-2541012D58D1}.Release|x64.Build.0 = Release|x64
		{E73776E8-5EAF-401F-A009-2541012D58D1}.Release|x86.ActiveCfg = Release|Win32
		{E73776E8-5EAF-401F-A009-2541012D58D1}.Release|x86.Build.0 = Release|Win32
		{DB095EB3-BA67-49F5-8D05-116B3E2FFD68}.Debug|x64.ActiveCfg = Debug|x64
		{DB095EB3-BA67-49F5-8D05-116B3E2FFD68}.Debug|x64.Build.0 = Debug|x64
		{DB095EB3-BA67-49F5-8D05-116B3E2FFD68}.Debug|x86.ActiveCfg = Debug|Win32
		{DB095EB3-BA67-49F5-8D05-116B3E2FFD68}.Debug|x86.Build.0 = Debug|Win32
		{DB095EB3-BA67-49F5-8D05-116B3E2FFD68}.Release|x64.ActiveCfg = Release|x64
		{DB095EB3-BA67-49F5-8D05-116B3E2FFD68}.Release|x64.Build.0 = Release|x64
		{DB095EB3-BA67-49F5-8D05-116B3E2FFD68}.Release|x86.ActiveCfg = Release|Win32
		{DB095EB3-BA67-49F5-8D05-116B3E2FFD68}.Release|x86.Build.0 = Release|Win32
	EndGlobalSection
	GlobalSection(SolutionProperties) = preSolution
		HideSolutionNode = FALSE
	EndGlobalSection
	GlobalSection(ExtensibilityGlobals) = postSolution
		SolutionGuid = {B779F545-9B86-4144-990F-D91A3B79E1DE}
	EndGlobalSection
EndGlobal
